
Microsoft Visual Studio Solution File, Format Version 12.00
# Visual Studio Version 16
VisualStudioVersion = 16.0.30011.22
MinimumVisualStudioVersion = 10.0.40219.1
Project("{FAE04EC0-301F-11D3-BF4B-00C04F79EFBC}") = "Serilog-Site24x7-Textformatter", "site24x7-textformatter\Serilog-Site24x7-Textformatter.csproj", "{C8975FDD-7120-43F7-B7E9-8044E7E10A6C}"
EndProject
Global
	GlobalSection(SolutionConfigurationPlatforms) = preSolution
		Debug|Any CPU = Debug|Any CPU
		Release|Any CPU = Release|Any CPU
	EndGlobalSection
	GlobalSection(ProjectConfigurationPlatforms) = postSolution
		{C8975FDD-7120-43F7-B7E9-8044E7E10A6C}.Debug|Any CPU.ActiveCfg = Debug|Any CPU
		{C8975FDD-7120-43F7-B7E9-8044E7E10A6C}.Debug|Any CPU.Build.0 = Debug|Any CPU
		{C8975FDD-7120-43F7-B7E9-8044E7E10A6C}.Release|Any CPU.ActiveCfg = Release|Any CPU
		{C8975FDD-7120-43F7-B7E9-8044E7E10A6C}.Release|Any CPU.Build.0 = Release|Any CPU
	EndGlobalSection
	GlobalSection(SolutionProperties) = preSolution
		HideSolutionNode = FALSE
	EndGlobalSection
	GlobalSection(ExtensibilityGlobals) = postSolution
		SolutionGuid = {EA30A9C3-6A81-4571-BC7B-0B6DFC785A19}
	EndGlobalSection
EndGlobal
